#MicroXplorer Configuration settings - do not modify
Mcu.Family=STM32H7
RCC.DFSDMCLockSelection=RCC_DFSDM1CLKSOURCE_D2PCLK1
RCC.DIVQ2Freq_Value=129000000
ProjectManager.MainLocation=Core/Src
PH0-OSC_IN.Signal=RCC_OSC_IN
RCC.CDCPREFreq_Value=100000000
RCC.SAI1Freq_Value=100000000
RCC.CortexFreq_Value=100000000
ProjectManager.KeepUserCode=true
Mcu.UserName=STM32H7A3ZITxQ
STMicroelectronics.X-CUBE-AI.8.0.1.ModelType-fa4731821902fe2ebb654afe472f151768151c87fb5a5906e3a7083763966f6f=STM32Cube.AI runtime
STMicroelectronics.X-CUBE-AI.8.0.1.useInputAllocation=true
STMicroelectronics.X-CUBE-AI.8.0.1.ModelNameList=network
RCC.PLLFRACN=4096
STMicroelectronics.X-CUBE-AI.8.0.1.MaximumNumberOfInputLayer=1
STMicroelectronics.X-CUBE-AI.8.0.1.customLayerConfigEnabled=false
ProjectManager.functionlistsort=1-SystemClock_Config-RCC-false-HAL-false,0-MX_CORTEX_M7_Init-CORTEX_M7-false-HAL-true
PD8.Locked=true
RCC.RTCFreq_Value=32000
RCC.PLL2FRACN=0
RCC.CpuClockFreq_Value=100000000
RCC.VCO2OutputFreq_Value=258000000
STMicroelectronics.X-CUBE-AI.8.0.1.MaximumSizeOfOutputLayer=1
PD9.Mode=Asynchronous
PinOutPanel.RotationAngle=0
RCC.MCO1PinFreq_Value=64000000
RCC.SYSCLKSource=RCC_SYSCLKSOURCE_PLLCLK
ProjectManager.StackSize=0x800
RCC.AHB4Freq_Value=100000000
STMicroelectronics.X-CUBE-AI.8.0.1.ModelRamOccupation-fa4731821902fe2ebb654afe472f151768151c87fb5a5906e3a7083763966f6f=10828
RCC.VCOInput3Freq_Value=2000000
RCC.SPI123CLockSelection=RCC_SPI123CLKSOURCE_PLL
USART3.VirtualMode-Asynchronous=VM_ASYNC
RCC.LPTIM1Freq_Value=50000000
Mcu.IP4=SYS
RCC.SAI2BFreq_Value=100000000
RCC.LPUART1CLockSelection=RCC_LPUART1CLKSOURCE_D3PCLK1
Mcu.IP5=USART3
Mcu.IP2=NVIC
NVIC.SVCall_IRQn=true\:0\:0\:false\:false\:true\:false\:false
Mcu.IP3=RCC
STMicroelectronics.X-CUBE-AI.8.0.1.ModelStructureFile-fa4731821902fe2ebb654afe472f151768151c87fb5a5906e3a7083763966f6f=F\:\\verified_model\\autoenc_full_integer_quant.tflite
Mcu.IP0=CORTEX_M7
Mcu.IP1=CRC
STMicroelectronics.X-CUBE-AI.8.0.1.copyWeightToRam=false
Mcu.UserConstants=
RCC.I2C4CLockSelection=RCC_I2C4CLKSOURCE_D3PCLK1
RCC.SDMMCFreq_Value=100000000
RCC.DIVP3Freq_Value=129000000
RCC.RCC_MCO2Source=RCC_MCO2SOURCE_SYSCLK
RCC.ADCCLockSelection=RCC_ADCCLKSOURCE_PLL2
Mcu.ThirdPartyNb=1
RCC.HCLKFreq_Value=100000000
RCC.I2C4Freq_Value=50000000
Mcu.IPNb=6
ProjectManager.PreviousToolchain=
RCC.SAI2BCLockSelection=RCC_SAI2BCLKSOURCE_PLL
RCC.SPDIFRXFreq_Value=100000000
STMicroelectronics.X-CUBE-AI.8.0.1.XAaCUBEAaAICcArtificialOoIntelligenceJjCore=true
RCC.DIVQ3Freq_Value=129000000
PD8.Signal=USART3_TX
PH0-OSC_IN.Mode=HSE-External-Clock-Source
Mcu.Pin0=PH0-OSC_IN
Mcu.Pin1=PD8
Mcu.Pin2=PD9
Mcu.Pin3=VP_CRC_VS_CRC
Mcu.Pin4=VP_SYS_VS_Systick
Mcu.Pin5=VP_STMicroelectronics.X-CUBE-AI_VS_ArtificialOoIntelligenceJjXAaCUBEAaAI_8.0.1
STMicroelectronics.X-CUBE-AI.8.0.1.ModelName-fa4731821902fe2ebb654afe472f151768151c87fb5a5906e3a7083763966f6f=network
ProjectManager.ProjectBuild=false
RCC.DIVR3Freq_Value=129000000
RCC.HSE_VALUE=8000000
NVIC.UsageFault_IRQn=true\:0\:0\:false\:false\:true\:false\:false
NVIC.DebugMonitor_IRQn=true\:0\:0\:false\:false\:true\:false\:false
RCC.I2C123CLockSelection=RCC_I2C123CLKSOURCE_D2PCLK1
STMicroelectronics.X-CUBE-AI.8.0.1.ModelHashList=fa4731821902fe2ebb654afe472f151768151c87fb5a5906e3a7083763966f6f
NVIC.SysTick_IRQn=true\:0\:0\:false\:false\:true\:false\:true
RCC.DIVM1=4
RCC.RCC_MCO1Source=RCC_MCO1SOURCE_HSI
STMicroelectronics.X-CUBE-AI.8.0.1.MaximumNumberOfOutputLayer=1
STMicroelectronics.X-CUBE-AI.8.0.1.ReadyForCodeGeneration=true
RCC.DFSDM2Freq_Value=50000000
RCC.LPTIM2CLockSelection=RCC_LPTIM2CLKSOURCE_D3PCLK1
ProjectManager.FirmwarePackage=STM32Cube FW_H7 V1.9.1
MxDb.Version=DB.6.0.21
Mcu.ThirdParty0=STMicroelectronics.X-CUBE-AI.8.0.1
RCC.DIVP1Freq_Value=100000000
ProjectManager.BackupPrevious=false
RCC.FMCFreq_Value=100000000
RCC.SAI1CLockSelection=RCC_SAI1CLKSOURCE_PLL
RCC.DFSDM2ACLkFreq_Value=50000000
RCC.LPTIM345CLockSelection=RCC_LPTIM3CLKSOURCE_D3PCLK1
RCC.SPDIFCLockSelection=RCC_SPDIFRXCLKSOURCE_PLL
RCC.USART16Freq_Value=50000000
File.Version=6
NVIC.PendSV_IRQn=true\:0\:0\:false\:false\:true\:false\:false
RCC.DIVR2Freq_Value=129000000
RCC.CKPERSourceSelection=RCC_CLKPSOURCE_HSI
STMicroelectronics.X-CUBE-AI.8.0.1.ArtificialOoIntelligenceJjXAaCUBEAaAI_Checked=true
STMicroelectronics.X-CUBE-AI.8.0.1.ActivationSizes=AI_NETWORK_DATA_ACTIVATION_1_SIZE
ProjectManager.HalAssertFull=false
RCC.DIVP2Freq_Value=129000000
ProjectManager.ProjectName=autoenc_stm32h
RCC.APB3Freq_Value=50000000
RCC.MCO2PinFreq_Value=100000000
Mcu.Package=LQFP144
STMicroelectronics.X-CUBE-AI.8.0.1.useOutputAllocation=true
RCC.PLL3FRACN=0
ProjectManager.ToolChainLocation=
RCC.LSI_VALUE=32000
VP_SYS_VS_Systick.Signal=SYS_VS_Systick
USART3.IPParameters=VirtualMode-Asynchronous
RCC.DFSDMFreq_Value=50000000
RCC.DIVR1Freq_Value=100000000
STMicroelectronics.X-CUBE-AI.8.0.1.ActivationNames=pool0
RCC.TraceFreq_Value=64000000
RCC.APB4Freq_Value=50000000
RCC.CECFreq_Value=32000
STMicroelectronics.X-CUBE-AI.8.0.1.ModelFlashOccupation-fa4731821902fe2ebb654afe472f151768151c87fb5a5906e3a7083763966f6f=173511
RCC.FDCANCLockSelection=RCC_FDCANCLKSOURCE_PLL
NVIC.BusFault_IRQn=true\:0\:0\:false\:false\:true\:false\:false
RCC.LPUART1Freq_Value=50000000
STMicroelectronics.X-CUBE-AI.8.0.1.ActivationBuffers=pool0
RCC.SRDPPRE=RCC_APB4_DIV2
ProjectManager.CustomerFirmwarePackage=
RCC.Tim2OutputFreq_Value=100000000
RCC.HSI48_VALUE=48000000
RCC.DFSDMACLkFreq_Value=100000000
RCC.VCO3OutputFreq_Value=258000000
STMicroelectronics.X-CUBE-AI.8.0.1.LatestDirectoryUsed-fa4731821902fe2ebb654afe472f151768151c87fb5a5906e3a7083763966f6f=F\:\\verified_model
STMicroelectronics.X-CUBE-AI.8.0.1.ModelCompression-fa4731821902fe2ebb654afe472f151768151c87fb5a5906e3a7083763966f6f=None
ProjectManager.ProjectFileName=autoenc_stm32h.ioc
CORTEX_M7.CPU_ICache=Enabled
Mcu.PinsNb=6
ProjectManager.NoMain=false
RCC.SWPMI1Freq_Value=50000000
STMicroelectronics.X-CUBE-AI.8.0.1.HeapSize=0x800
RCC.EXTERNAL_CLOCK_VALUE=12288000
ProjectManager.DefaultFWLocation=true
PD9.Signal=USART3_RX
ProjectManager.DeletePrevious=true
RCC.Cortex_DivARG=SystemCoreClock/1000
RCC.QSPIFreq_Value=100000000
RCC.FamilyName=M
STMicroelectronics.X-CUBE-AI.8.0.1.ModelKind-fa4731821902fe2ebb654afe472f151768151c87fb5a5906e3a7083763966f6f=TFLITE
RCC.WatchDogFreq_Value=32000
RCC.SPI6Freq_Value=50000000
RCC.USART234578Freq_Value=50000000
RCC.Tim1OutputFreq_Value=100000000
RCC.SPI45Freq_Value=50000000
RCC.CDPPRE1=RCC_APB1_DIV2
RCC.CDPPRE2=RCC_APB2_DIV2
RCC.SPI123Freq_Value=100000000
ProjectManager.TargetToolchain=STM32CubeIDE
RCC.VCO1OutputFreq_Value=200000000
VP_CRC_VS_CRC.Signal=CRC_VS_CRC
RCC.SPI6CLockSelection=RCC_SPI6CLKSOURCE_D3PCLK1
STMicroelectronics.X-CUBE-AI.8.0.1.StackSize=0x800
RCC.AXIClockFreq_Value=100000000
RCC.CECCLockSelection=RCC_CECCLKSOURCE_LSI
RCC.DIVN1=12
RCC.LPTIM1CLockSelection=RCC_LPTIM1CLKSOURCE_D2PCLK1
VP_STMicroelectronics.X-CUBE-AI_VS_ArtificialOoIntelligenceJjXAaCUBEAaAI_8.0.1.Signal=STMicroelectronics.X-CUBE-AI_VS_ArtificialOoIntelligenceJjXAaCUBEAaAI_8.0.1
ProjectManager.RegisterCallBack=
RCC.USBFreq_Value=100000000
RCC.SWPCLockSelection=RCC_SWPMI1CLKSOURCE_D2PCLK1
RCC.LSE_VALUE=32768
PD8.Mode=Asynchronous
RCC.CKPERFreq_Value=64000000
RCC.USBCLockSelection=RCC_USBCLKSOURCE_PLL
STMicroelectronics.X-CUBE-AI.8.0.1.MaximumSizeOfInputLayer=1
board=custom
ProjectManager.LastFirmware=true
STMicroelectronics.X-CUBE-AI.8.0.1.ModelActualCompression-fa4731821902fe2ebb654afe472f151768151c87fb5a5906e3a7083763966f6f=0.0
STMicroelectronics.X-CUBE-AI.8.0.1.ActivationBufferSizeList=10828
RCC.VCOInput1Freq_Value=16000000
RCC.APB2Freq_Value=50000000
RCC.AHB12Freq_Value=100000000
STMicroelectronics.X-CUBE-AI.8.0.1.IPParameters=XAaCUBEAaAICcArtificialOoIntelligenceJjCore,HeapSize,StackSize,ModelName-fa4731821902fe2ebb654afe472f151768151c87fb5a5906e3a7083763966f6f,ModelType-fa4731821902fe2ebb654afe472f151768151c87fb5a5906e3a7083763966f6f,ModelKind-fa4731821902fe2ebb654afe472f151768151c87fb5a5906e3a7083763966f6f,ModelCompression-fa4731821902fe2ebb654afe472f151768151c87fb5a5906e3a7083763966f6f,ModelHashList,ModelNameList,WorkingBufferStartAddrList,LatestDirectoryUsed-fa4731821902fe2ebb654afe472f151768151c87fb5a5906e3a7083763966f6f,ModelStructureFile-fa4731821902fe2ebb654afe472f151768151c87fb5a5906e3a7083763966f6f,ModelMacc-fa4731821902fe2ebb654afe472f151768151c87fb5a5906e3a7083763966f6f,ModelActualCompression-fa4731821902fe2ebb654afe472f151768151c87fb5a5906e3a7083763966f6f,ModelRamOccupation-fa4731821902fe2ebb654afe472f151768151c87fb5a5906e3a7083763966f6f,ModelFlashOccupation-fa4731821902fe2ebb654afe472f151768151c87fb5a5906e3a7083763966f6f,copyWeightToRam,useInputAllocation,useOutputAllocation,customLayerConfigEnabled,ActivationBuffers,ActivationSizes,ActivationNames,InternalRamActivationBufferMaxSize,ActivationBufferSizeList,MaximumNumberOfInputLayer,MaximumNumberOfOutputLayer,MaximumSizeOfInputLayer,MaximumSizeOfOutputLayer,ReadyForCodeGeneration
RCC.RNGCLockSelection=RCC_RNGCLKSOURCE_HSI48
MxCube.Version=6.2.1
RCC.FMCCLockSelection=RCC_FMCCLKSOURCE_D1HCLK
RCC.FDCANFreq_Value=100000000
RCC.RNGFreq_Value=48000000
RCC.ADCFreq_Value=129000000
VP_SYS_VS_Systick.Mode=SysTick
NVIC.NonMaskableInt_IRQn=true\:0\:0\:false\:false\:true\:false\:false
RCC.CSI_VALUE=4000000
RCC.CDPPRE=RCC_APB3_DIV2
ProjectManager.FreePins=false
RCC.IPParameters=ADCCLockSelection,ADCFreq_Value,AHB12Freq_Value,AHB4Freq_Value,APB1Freq_Value,APB2Freq_Value,APB3Freq_Value,APB4Freq_Value,AXIClockFreq_Value,CDCPREFreq_Value,CDPPRE,CDPPRE1,CDPPRE2,CECCLockSelection,CECFreq_Value,CKPERFreq_Value,CKPERSourceSelection,CSI_VALUE,CortexFreq_Value,Cortex_DivARG,CpuClockFreq_Value,DFSDM2ACLkFreq_Value,DFSDM2Freq_Value,DFSDMACLkFreq_Value,DFSDMCLockSelection,DFSDMFreq_Value,DIVM1,DIVN1,DIVP1Freq_Value,DIVP2Freq_Value,DIVP3Freq_Value,DIVQ1Freq_Value,DIVQ2Freq_Value,DIVQ3Freq_Value,DIVR1Freq_Value,DIVR2Freq_Value,DIVR3Freq_Value,EXTERNAL_CLOCK_VALUE,FDCANCLockSelection,FDCANFreq_Value,FMCCLockSelection,FMCFreq_Value,FamilyName,HCLK3ClockFreq_Value,HCLKFreq_Value,HSE_VALUE,HSI48_VALUE,HSI_VALUE,I2C123CLockSelection,I2C123Freq_Value,I2C4CLockSelection,I2C4Freq_Value,LPTIM1CLockSelection,LPTIM1Freq_Value,LPTIM2CLockSelection,LPTIM2Freq_Value,LPTIM345CLockSelection,LPTIM345Freq_Value,LPUART1CLockSelection,LPUART1Freq_Value,LSE_VALUE,LSI_VALUE,LTDCFreq_Value,MCO1PinFreq_Value,MCO2PinFreq_Value,PLL2FRACN,PLL3FRACN,PLLFRACN,QSPICLockSelection,QSPIFreq_Value,RCC_MCO1Source,RCC_MCO2Source,RNGCLockSelection,RNGFreq_Value,RTCFreq_Value,SAI1CLockSelection,SAI1Freq_Value,SAI2AFreq_Value,SAI2BCLockSelection,SAI2BFreq_Value,SDMMCFreq_Value,SPDIFCLockSelection,SPDIFRXFreq_Value,SPI123CLockSelection,SPI123Freq_Value,SPI45Freq_Value,SPI6CLockSelection,SPI6Freq_Value,SRDPPRE,SWPCLockSelection,SWPMI1Freq_Value,SYSCLKFreq_VALUE,SYSCLKSource,Spi45ClockSelection,Tim1OutputFreq_Value,Tim2OutputFreq_Value,TraceFreq_Value,USART16CLockSelection,USART16Freq_Value,USART234578CLockSelection,USART234578Freq_Value,USBCLockSelection,USBFreq_Value,VCO1OutputFreq_Value,VCO2OutputFreq_Value,VCO3OutputFreq_Value,VCOInput1Freq_Value,VCOInput2Freq_Value,VCOInput3Freq_Value,WatchDogFreq_Value
ProjectManager.AskForMigrate=true
RCC.LPTIM2Freq_Value=50000000
Mcu.Name=STM32H7A3Z(G-I)TxQ
VP_STMicroelectronics.X-CUBE-AI_VS_ArtificialOoIntelligenceJjXAaCUBEAaAI_8.0.1.Mode=ArtificialOoIntelligenceJjXAaCUBEAaAI
ProjectManager.UnderRoot=true
CORTEX_M7.IPParameters=CPU_ICache,CPU_DCache
ProjectManager.CoupleFile=false
RCC.SYSCLKFreq_VALUE=100000000
RCC.I2C123Freq_Value=50000000
RCC.Spi45ClockSelection=RCC_SPI45CLKSOURCE_D2PCLK1
NVIC.ForceEnableDMAVector=true
KeepUserPlacement=false
STMicroelectronics.X-CUBE-AI.8.0.1.WorkingBufferStartAddrList=0xFFFFFFFF
NVIC.MemoryManagement_IRQn=true\:0\:0\:false\:false\:true\:false\:false
ProjectManager.CompilerOptimize=6
RCC.QSPICLockSelection=RCC_OSPICLKSOURCE_D1HCLK
ProjectManager.HeapSize=0x800
NVIC.HardFault_IRQn=true\:0\:0\:false\:false\:true\:false\:false
RCC.LPTIM345Freq_Value=50000000
ProjectManager.ComputerToolchain=false
RCC.HSI_VALUE=64000000
RCC.LTDCFreq_Value=129000000
NVIC.PriorityGroup=NVIC_PRIORITYGROUP_4
RCC.USART234578CLockSelection=RCC_USART234578CLKSOURCE_D2PCLK1
RCC.DIVQ1Freq_Value=100000000
CORTEX_M7.CPU_DCache=Enabled
STMicroelectronics.X-CUBE-AI.8.0.1_SwParameter=XAaCUBEAaAICcArtificialOoIntelligenceJjCore\:true;
RCC.HCLK3ClockFreq_Value=100000000
RCC.VCOInput2Freq_Value=2000000
PD9.Locked=true
RCC.APB1Freq_Value=50000000
STMicroelectronics.X-CUBE-AI.8.0.1.ModelMacc-fa4731821902fe2ebb654afe472f151768151c87fb5a5906e3a7083763966f6f=203108
VP_CRC_VS_CRC.Mode=CRC_Activate
RCC.SAI2AFreq_Value=100000000
ProjectManager.DeviceId=STM32H7A3ZITxQ
RCC.USART16CLockSelection=RCC_USART16910CLKSOURCE_D2PCLK2
ProjectManager.LibraryCopy=1
STMicroelectronics.X-CUBE-AI.8.0.1.InternalRamActivationBufferMaxSize=AI_NETWORK_DATA_ACTIVATIONS_SIZE
isbadioc=false
